
Microsoft Visual Studio Solution File, Format Version 12.00
# Visual Studio Version 17
VisualStudioVersion = 17.5.2.0
MinimumVisualStudioVersion = 10.0.40219.1
Project("{FAE04EC0-301F-11D3-BF4B-00C04F79EFBC}") = "Godot.FSharp.Annotations", "Annotations\Godot.FSharp.Annotations.csproj", "{D6C3D49C-27A7-D8B4-EE24-52CCB4050784}"
EndProject
Project("{FAE04EC0-301F-11D3-BF4B-00C04F79EFBC}") = "Headsetsniper.Godot.FSharp.Annotations", "Annotations\Headsetsniper.Godot.FSharp.Annotations.csproj", "{D222C83B-C2BD-F44E-7B1B-4C223CD26811}"
EndProject
Project("{FAE04EC0-301F-11D3-BF4B-00C04F79EFBC}") = "FsharpWithShim", "ExampleProject\FsharpWithShim.csproj", "{74FF059B-61EF-0AD4-0608-E858319CCDA7}"
EndProject
Project("{FAE04EC0-301F-11D3-BF4B-00C04F79EFBC}") = "Headsetsniper.Godot.FSharp.ShimGen", "ShimGen\Headsetsniper.Godot.FSharp.ShimGen.csproj", "{FE21B7F6-CB54-E8B5-AF4B-07905E8A378E}"
EndProject
Project("{FAE04EC0-301F-11D3-BF4B-00C04F79EFBC}") = "ShimGen", "ShimGen\ShimGen.csproj", "{9FC4AA20-C55B-58DA-E932-BC3D3D073F3F}"
EndProject
Project("{FAE04EC0-301F-11D3-BF4B-00C04F79EFBC}") = "ShimGen.Tests", "ShimGen.Tests\ShimGen.Tests.csproj", "{43019CF0-087B-C86D-7F54-893D2ECB3CFC}"
EndProject
Project("{F2A71F9B-5D33-465A-A702-920D77279786}") = "FSharp.Tests", "FSharp.Tests\FSharp.Tests.fsproj", "{C021ECFF-FD52-4C70-A37C-C528F15FDC31}"
EndProject
Project("{FAE04EC0-301F-11D3-BF4B-00C04F79EFBC}") = "Headsetsniper.Godot.FSharp.Templates", "Templates\Headsetsniper.Godot.FSharp.Templates\Headsetsniper.Godot.FSharp.Templates.csproj", "{0E7F72C0-733B-4F9A-8C4B-ED27BCE1BB8C}"
EndProject
Global
	GlobalSection(SolutionConfigurationPlatforms) = preSolution
		Debug|Any CPU = Debug|Any CPU
		Debug|x64 = Debug|x64
		Debug|x86 = Debug|x86
		Release|Any CPU = Release|Any CPU
		Release|x64 = Release|x64
		Release|x86 = Release|x86
	EndGlobalSection
	GlobalSection(ProjectConfigurationPlatforms) = postSolution
		{D6C3D49C-27A7-D8B4-EE24-52CCB4050784}.Debug|Any CPU.ActiveCfg = Debug|Any CPU
		{D6C3D49C-27A7-D8B4-EE24-52CCB4050784}.Debug|Any CPU.Build.0 = Debug|Any CPU
		{D6C3D49C-27A7-D8B4-EE24-52CCB4050784}.Debug|x64.ActiveCfg = Debug|Any CPU
		{D6C3D49C-27A7-D8B4-EE24-52CCB4050784}.Debug|x64.Build.0 = Debug|Any CPU
		{D6C3D49C-27A7-D8B4-EE24-52CCB4050784}.Debug|x86.ActiveCfg = Debug|Any CPU
		{D6C3D49C-27A7-D8B4-EE24-52CCB4050784}.Debug|x86.Build.0 = Debug|Any CPU
		{D6C3D49C-27A7-D8B4-EE24-52CCB4050784}.Release|Any CPU.ActiveCfg = Release|Any CPU
		{D6C3D49C-27A7-D8B4-EE24-52CCB4050784}.Release|Any CPU.Build.0 = Release|Any CPU
		{D6C3D49C-27A7-D8B4-EE24-52CCB4050784}.Release|x64.ActiveCfg = Release|Any CPU
		{D6C3D49C-27A7-D8B4-EE24-52CCB4050784}.Release|x64.Build.0 = Release|Any CPU
		{D6C3D49C-27A7-D8B4-EE24-52CCB4050784}.Release|x86.ActiveCfg = Release|Any CPU
		{D6C3D49C-27A7-D8B4-EE24-52CCB4050784}.Release|x86.Build.0 = Release|Any CPU
		{D222C83B-C2BD-F44E-7B1B-4C223CD26811}.Debug|Any CPU.ActiveCfg = Debug|Any CPU
		{D222C83B-C2BD-F44E-7B1B-4C223CD26811}.Debug|Any CPU.Build.0 = Debug|Any CPU
		{D222C83B-C2BD-F44E-7B1B-4C223CD26811}.Debug|x64.ActiveCfg = Debug|Any CPU
		{D222C83B-C2BD-F44E-7B1B-4C223CD26811}.Debug|x64.Build.0 = Debug|Any CPU
		{D222C83B-C2BD-F44E-7B1B-4C223CD26811}.Debug|x86.ActiveCfg = Debug|Any CPU
		{D222C83B-C2BD-F44E-7B1B-4C223CD26811}.Debug|x86.Build.0 = Debug|Any CPU
		{D222C83B-C2BD-F44E-7B1B-4C223CD26811}.Release|Any CPU.ActiveCfg = Release|Any CPU
		{D222C83B-C2BD-F44E-7B1B-4C223CD26811}.Release|Any CPU.Build.0 = Release|Any CPU
		{D222C83B-C2BD-F44E-7B1B-4C223CD26811}.Release|x64.ActiveCfg = Release|Any CPU
		{D222C83B-C2BD-F44E-7B1B-4C223CD26811}.Release|x64.Build.0 = Release|Any CPU
		{D222C83B-C2BD-F44E-7B1B-4C223CD26811}.Release|x86.ActiveCfg = Release|Any CPU
		{D222C83B-C2BD-F44E-7B1B-4C223CD26811}.Release|x86.Build.0 = Release|Any CPU
		{74FF059B-61EF-0AD4-0608-E858319CCDA7}.Debug|Any CPU.ActiveCfg = Debug|Any CPU
		{74FF059B-61EF-0AD4-0608-E858319CCDA7}.Debug|Any CPU.Build.0 = Debug|Any CPU
		{74FF059B-61EF-0AD4-0608-E858319CCDA7}.Debug|x64.ActiveCfg = Debug|Any CPU
		{74FF059B-61EF-0AD4-0608-E858319CCDA7}.Debug|x64.Build.0 = Debug|Any CPU
		{74FF059B-61EF-0AD4-0608-E858319CCDA7}.Debug|x86.ActiveCfg = Debug|Any CPU
		{74FF059B-61EF-0AD4-0608-E858319CCDA7}.Debug|x86.Build.0 = Debug|Any CPU
		{74FF059B-61EF-0AD4-0608-E858319CCDA7}.Release|Any CPU.ActiveCfg = Release|Any CPU
		{74FF059B-61EF-0AD4-0608-E858319CCDA7}.Release|Any CPU.Build.0 = Release|Any CPU
		{74FF059B-61EF-0AD4-0608-E858319CCDA7}.Release|x64.ActiveCfg = Release|Any CPU
		{74FF059B-61EF-0AD4-0608-E858319CCDA7}.Release|x64.Build.0 = Release|Any CPU
		{74FF059B-61EF-0AD4-0608-E858319CCDA7}.Release|x86.ActiveCfg = Release|Any CPU
		{74FF059B-61EF-0AD4-0608-E858319CCDA7}.Release|x86.Build.0 = Release|Any CPU
		{FE21B7F6-CB54-E8B5-AF4B-07905E8A378E}.Debug|Any CPU.ActiveCfg = Debug|Any CPU
		{FE21B7F6-CB54-E8B5-AF4B-07905E8A378E}.Debug|Any CPU.Build.0 = Debug|Any CPU
		{FE21B7F6-CB54-E8B5-AF4B-07905E8A378E}.Debug|x64.ActiveCfg = Debug|Any CPU
		{FE21B7F6-CB54-E8B5-AF4B-07905E8A378E}.Debug|x64.Build.0 = Debug|Any CPU
		{FE21B7F6-CB54-E8B5-AF4B-07905E8A378E}.Debug|x86.ActiveCfg = Debug|Any CPU
		{FE21B7F6-CB54-E8B5-AF4B-07905E8A378E}.Debug|x86.Build.0 = Debug|Any CPU
		{FE21B7F6-CB54-E8B5-AF4B-07905E8A378E}.Release|Any CPU.ActiveCfg = Release|Any CPU
		{FE21B7F6-CB54-E8B5-AF4B-07905E8A378E}.Release|Any CPU.Build.0 = Release|Any CPU
		{FE21B7F6-CB54-E8B5-AF4B-07905E8A378E}.Release|x64.ActiveCfg = Release|Any CPU
		{FE21B7F6-CB54-E8B5-AF4B-07905E8A378E}.Release|x64.Build.0 = Release|Any CPU
		{FE21B7F6-CB54-E8B5-AF4B-07905E8A378E}.Release|x86.ActiveCfg = Release|Any CPU
		{FE21B7F6-CB54-E8B5-AF4B-07905E8A378E}.Release|x86.Build.0 = Release|Any CPU
		{9FC4AA20-C55B-58DA-E932-BC3D3D073F3F}.Debug|Any CPU.ActiveCfg = Debug|Any CPU
		{9FC4AA20-C55B-58DA-E932-BC3D3D073F3F}.Debug|Any CPU.Build.0 = Debug|Any CPU
		{9FC4AA20-C55B-58DA-E932-BC3D3D073F3F}.Debug|x64.ActiveCfg = Debug|Any CPU
		{9FC4AA20-C55B-58DA-E932-BC3D3D073F3F}.Debug|x64.Build.0 = Debug|Any CPU
		{9FC4AA20-C55B-58DA-E932-BC3D3D073F3F}.Debug|x86.ActiveCfg = Debug|Any CPU
		{9FC4AA20-C55B-58DA-E932-BC3D3D073F3F}.Debug|x86.Build.0 = Debug|Any CPU
		{9FC4AA20-C55B-58DA-E932-BC3D3D073F3F}.Release|Any CPU.ActiveCfg = Release|Any CPU
		{9FC4AA20-C55B-58DA-E932-BC3D3D073F3F}.Release|Any CPU.Build.0 = Release|Any CPU
		{9FC4AA20-C55B-58DA-E932-BC3D3D073F3F}.Release|x64.ActiveCfg = Release|Any CPU
		{9FC4AA20-C55B-58DA-E932-BC3D3D073F3F}.Release|x64.Build.0 = Release|Any CPU
		{9FC4AA20-C55B-58DA-E932-BC3D3D073F3F}.Release|x86.ActiveCfg = Release|Any CPU
		{9FC4AA20-C55B-58DA-E932-BC3D3D073F3F}.Release|x86.Build.0 = Release|Any CPU
		{43019CF0-087B-C86D-7F54-893D2ECB3CFC}.Debug|Any CPU.ActiveCfg = Debug|Any CPU
		{43019CF0-087B-C86D-7F54-893D2ECB3CFC}.Debug|Any CPU.Build.0 = Debug|Any CPU
		{43019CF0-087B-C86D-7F54-893D2ECB3CFC}.Debug|x64.ActiveCfg = Debug|Any CPU
		{43019CF0-087B-C86D-7F54-893D2ECB3CFC}.Debug|x64.Build.0 = Debug|Any CPU
		{43019CF0-087B-C86D-7F54-893D2ECB3CFC}.Debug|x86.ActiveCfg = Debug|Any CPU
		{43019CF0-087B-C86D-7F54-893D2ECB3CFC}.Debug|x86.Build.0 = Debug|Any CPU
		{43019CF0-087B-C86D-7F54-893D2ECB3CFC}.Release|Any CPU.ActiveCfg = Release|Any CPU
		{43019CF0-087B-C86D-7F54-893D2ECB3CFC}.Release|Any CPU.Build.0 = Release|Any CPU
		{43019CF0-087B-C86D-7F54-893D2ECB3CFC}.Release|x64.ActiveCfg = Release|Any CPU
		{43019CF0-087B-C86D-7F54-893D2ECB3CFC}.Release|x64.Build.0 = Release|Any CPU
		{43019CF0-087B-C86D-7F54-893D2ECB3CFC}.Release|x86.ActiveCfg = Release|Any CPU
		{43019CF0-087B-C86D-7F54-893D2ECB3CFC}.Release|x86.Build.0 = Release|Any CPU
		{C021ECFF-FD52-4C70-A37C-C528F15FDC31}.Debug|Any CPU.ActiveCfg = Debug|Any CPU
		{C021ECFF-FD52-4C70-A37C-C528F15FDC31}.Debug|Any CPU.Build.0 = Debug|Any CPU
		{C021ECFF-FD52-4C70-A37C-C528F15FDC31}.Debug|x64.ActiveCfg = Debug|Any CPU
		{C021ECFF-FD52-4C70-A37C-C528F15FDC31}.Debug|x64.Build.0 = Debug|Any CPU
		{C021ECFF-FD52-4C70-A37C-C528F15FDC31}.Debug|x86.ActiveCfg = Debug|Any CPU
		{C021ECFF-FD52-4C70-A37C-C528F15FDC31}.Debug|x86.Build.0 = Debug|Any CPU
		{C021ECFF-FD52-4C70-A37C-C528F15FDC31}.Release|Any CPU.ActiveCfg = Debug|Any CPU
		{C021ECFF-FD52-4C70-A37C-C528F15FDC31}.Release|Any CPU.Build.0 = Debug|Any CPU
		{C021ECFF-FD52-4C70-A37C-C528F15FDC31}.Release|x64.ActiveCfg = Debug|Any CPU
		{C021ECFF-FD52-4C70-A37C-C528F15FDC31}.Release|x64.Build.0 = Debug|Any CPU
		{C021ECFF-FD52-4C70-A37C-C528F15FDC31}.Release|x86.ActiveCfg = Debug|Any CPU
		{C021ECFF-FD52-4C70-A37C-C528F15FDC31}.Release|x86.Build.0 = Debug|Any CPU
		{0E7F72C0-733B-4F9A-8C4B-ED27BCE1BB8C}.Debug|Any CPU.ActiveCfg = Debug|Any CPU
		{0E7F72C0-733B-4F9A-8C4B-ED27BCE1BB8C}.Debug|Any CPU.Build.0 = Debug|Any CPU
		{0E7F72C0-733B-4F9A-8C4B-ED27BCE1BB8C}.Debug|x64.ActiveCfg = Debug|Any CPU
		{0E7F72C0-733B-4F9A-8C4B-ED27BCE1BB8C}.Debug|x64.Build.0 = Debug|Any CPU
		{0E7F72C0-733B-4F9A-8C4B-ED27BCE1BB8C}.Debug|x86.ActiveCfg = Debug|Any CPU
		{0E7F72C0-733B-4F9A-8C4B-ED27BCE1BB8C}.Debug|x86.Build.0 = Debug|Any CPU
		{0E7F72C0-733B-4F9A-8C4B-ED27BCE1BB8C}.Release|Any CPU.ActiveCfg = Release|Any CPU
		{0E7F72C0-733B-4F9A-8C4B-ED27BCE1BB8C}.Release|Any CPU.Build.0 = Release|Any CPU
		{0E7F72C0-733B-4F9A-8C4B-ED27BCE1BB8C}.Release|x64.ActiveCfg = Release|Any CPU
		{0E7F72C0-733B-4F9A-8C4B-ED27BCE1BB8C}.Release|x64.Build.0 = Release|Any CPU
		{0E7F72C0-733B-4F9A-8C4B-ED27BCE1BB8C}.Release|x86.ActiveCfg = Release|Any CPU
		{0E7F72C0-733B-4F9A-8C4B-ED27BCE1BB8C}.Release|x86.Build.0 = Release|Any CPU
	EndGlobalSection
	GlobalSection(SolutionProperties) = preSolution
		HideSolutionNode = FALSE
	EndGlobalSection
	GlobalSection(ExtensibilityGlobals) = postSolution
		SolutionGuid = {419F969D-1CB2-46B0-9565-4B5414F1BAFC}
	EndGlobalSection
EndGlobal
